<?xml version="1.0" encoding="utf-8"?>
<Project ToolsVersion="4.0" xmlns="http://schemas.microsoft.com/developer/msbuild/2003">
  <ItemGroup>
    <ClCompile Include="game.cpp" />
    <ClCompile Include="surface.cpp">
      <Filter>template code</Filter>
    </ClCompile>
    <ClCompile Include="template.cpp">
      <Filter>template code</Filter>
    </ClCompile>
    <ClCompile Include="GameObject.cpp">
      <Filter>Source files\GameObject</Filter>
    </ClCompile>
    <ClCompile Include="CircleCollider.cpp">
      <Filter>Source files\Components</Filter>
    </ClCompile>
  </ItemGroup>
  <ItemGroup>
    <ClInclude Include="game.h" />
    <ClInclude Include="surface.h">
      <Filter>template code</Filter>
    </ClInclude>
    <ClInclude Include="template.h">
      <Filter>template code</Filter>
    </ClInclude>
    <ClInclude Include="GameObject.h">
      <Filter>Header files\GameObject</Filter>
    </ClInclude>
    <ClInclude Include="Vec.h">
      <Filter>Header files\Components</Filter>
    </ClInclude>
    <ClInclude Include="Transform.h">
      <Filter>Header files\Components</Filter>
    </ClInclude>
    <ClInclude Include="CircleCollider.h">
      <Filter>Header files\Components</Filter>
    </ClInclude>
  </ItemGroup>
  <ItemGroup>
    <Filter Include="template code">
      <UniqueIdentifier>{bf32dd6e-4be7-4889-8ac6-49e7ee163c40}</UniqueIdentifier>
    </Filter>
    <Filter Include="Header files">
      <UniqueIdentifier>{5641e0cf-0c72-4dfe-8000-ab779c5044bc}</UniqueIdentifier>
    </Filter>
    <Filter Include="Source files">
      <UniqueIdentifier>{80f2aa73-783d-4ef2-ac4d-88f991db3a0a}</UniqueIdentifier>
    </Filter>
    <Filter Include="Source files\GameObject">
      <UniqueIdentifier>{5e087a93-810d-452d-b953-e8307ba7cd94}</UniqueIdentifier>
    </Filter>
    <Filter Include="Header files\GameObject">
      <UniqueIdentifier>{effbbd23-67e3-456a-afd1-8e39e7a0d5a1}</UniqueIdentifier>
    </Filter>
    <Filter Include="Header files\Components">
      <UniqueIdentifier>{8eb79223-2cd5-4589-95ea-b5d3ab29f00b}</UniqueIdentifier>
    </Filter>
    <Filter Include="Source files\Components">
      <UniqueIdentifier>{27a58352-f35d-411b-a959-67e7ae62ff40}</UniqueIdentifier>
    </Filter>
    <Filter Include="Source files\Entity">
      <UniqueIdentifier>{115b1cdc-acf7-4bb6-8dd9-028050e10153}</UniqueIdentifier>
    </Filter>
  </ItemGroup>
  <ItemGroup>
    <Text Include="_readme.txt">
      <Filter>template code</Filter>
    </Text>
  </ItemGroup>
</Project>