<?xml version="1.0" encoding="utf-8"?>
<Project ToolsVersion="4.0" xmlns="http://schemas.microsoft.com/developer/msbuild/2003">
  <ItemGroup>
    <ClCompile Include="game.cpp" />
    <ClCompile Include="surface.cpp">
      <Filter>template code</Filter>
    </ClCompile>
    <ClCompile Include="template.cpp">
      <Filter>template code</Filter>
    </ClCompile>
    <ClCompile Include="Tile.cpp">
      <Filter>Source files\Tile\BaseTile</Filter>
    </ClCompile>
    <ClCompile Include="TileMap.cpp">
      <Filter>Source files\Tile</Filter>
    </ClCompile>
    <ClCompile Include="ObjectComponentSystem.cpp">
      <Filter>Header files\Components\OCS</Filter>
    </ClCompile>
    <ClCompile Include="ShapeComponent.cpp">
      <Filter>Header files\Components\Shape</Filter>
    </ClCompile>
  </ItemGroup>
  <ItemGroup>
    <ClInclude Include="game.h" />
    <ClInclude Include="surface.h">
      <Filter>template code</Filter>
    </ClInclude>
    <ClInclude Include="template.h">
      <Filter>template code</Filter>
    </ClInclude>
    <ClInclude Include="TransformComponent.h">
      <Filter>Header files\Components</Filter>
    </ClInclude>
    <ClInclude Include="Tile.h">
      <Filter>Header files\Tile\BaseTile</Filter>
    </ClInclude>
    <ClInclude Include="TileMap.h">
      <Filter>Header files\Tile</Filter>
    </ClInclude>
    <ClInclude Include="KinematicsComponent.h">
      <Filter>Header files\Components</Filter>
    </ClInclude>
    <ClInclude Include="ColliderComponent.h">
      <Filter>Header files\Components\Colliders</Filter>
    </ClInclude>
    <ClInclude Include="Collision.h">
      <Filter>Header files\Components\Colliders</Filter>
    </ClInclude>
    <ClInclude Include="Components.h">
      <Filter>Header files\Components\OCS</Filter>
    </ClInclude>
    <ClInclude Include="ObjectComponentSystem.h">
      <Filter>Header files\Components\OCS</Filter>
    </ClInclude>
    <ClInclude Include="ShapeComponent.h">
      <Filter>Header files\Components\Shape</Filter>
    </ClInclude>
    <ClInclude Include="Objects.h">
      <Filter>Header files\Components\OCS</Filter>
    </ClInclude>
  </ItemGroup>
  <ItemGroup>
    <Filter Include="template code">
      <UniqueIdentifier>{bf32dd6e-4be7-4889-8ac6-49e7ee163c40}</UniqueIdentifier>
    </Filter>
    <Filter Include="Header files">
      <UniqueIdentifier>{5641e0cf-0c72-4dfe-8000-ab779c5044bc}</UniqueIdentifier>
    </Filter>
    <Filter Include="Source files">
      <UniqueIdentifier>{80f2aa73-783d-4ef2-ac4d-88f991db3a0a}</UniqueIdentifier>
    </Filter>
    <Filter Include="Header files\Components">
      <UniqueIdentifier>{8eb79223-2cd5-4589-95ea-b5d3ab29f00b}</UniqueIdentifier>
    </Filter>
    <Filter Include="Source files\Tile">
      <UniqueIdentifier>{c99c51e8-881c-4c97-a5a1-dfbd29251117}</UniqueIdentifier>
    </Filter>
    <Filter Include="Source files\Tile\BaseTile">
      <UniqueIdentifier>{e4ad8d1a-ec33-4380-a7ad-46a149f26630}</UniqueIdentifier>
    </Filter>
    <Filter Include="Source files\Tile\Spike">
      <UniqueIdentifier>{f77ee675-0db0-4796-a83c-4e63fe376812}</UniqueIdentifier>
    </Filter>
    <Filter Include="Source files\Tile\Ground">
      <UniqueIdentifier>{59e28e1a-5424-48ee-b10b-ffe3f4e6a5ec}</UniqueIdentifier>
    </Filter>
    <Filter Include="Source files\Tile\Booster">
      <UniqueIdentifier>{65e84784-08b6-4e5e-9431-e20076216a49}</UniqueIdentifier>
    </Filter>
    <Filter Include="Source files\Tile\FinishLine">
      <UniqueIdentifier>{d7c612d3-8432-431a-8290-513e476a3cf7}</UniqueIdentifier>
    </Filter>
    <Filter Include="Header files\Tile">
      <UniqueIdentifier>{40136024-5323-45f7-bab9-fb0f3b296c1e}</UniqueIdentifier>
    </Filter>
    <Filter Include="Header files\Tile\BaseTile">
      <UniqueIdentifier>{8543a7ea-6ee3-4171-a770-78340e660da8}</UniqueIdentifier>
    </Filter>
    <Filter Include="Header files\Tile\Ground">
      <UniqueIdentifier>{1266f01e-fd27-444d-949d-475318e3bdde}</UniqueIdentifier>
    </Filter>
    <Filter Include="Header files\Tile\Booster">
      <UniqueIdentifier>{a629745a-3937-460b-9128-a37527c0b5bd}</UniqueIdentifier>
    </Filter>
    <Filter Include="Header files\Tile\FinishLine">
      <UniqueIdentifier>{a9fcf868-bf1a-4e57-bb67-7e2eb6d5598a}</UniqueIdentifier>
    </Filter>
    <Filter Include="Header files\Tile\Spike">
      <UniqueIdentifier>{a087f38c-5d81-4977-b289-064370f9fb83}</UniqueIdentifier>
    </Filter>
    <Filter Include="Header files\Components\Colliders">
      <UniqueIdentifier>{e86f2cbd-29f4-4d1c-a958-12529b409045}</UniqueIdentifier>
    </Filter>
    <Filter Include="Header files\Platform">
      <UniqueIdentifier>{9a6728f0-0592-4b1f-97b0-75ed8de38caf}</UniqueIdentifier>
    </Filter>
    <Filter Include="Header files\Components\OCS">
      <UniqueIdentifier>{453b3a18-e3a9-484c-9b89-416bacb14da6}</UniqueIdentifier>
    </Filter>
    <Filter Include="Header files\Components\Shape">
      <UniqueIdentifier>{f5aa3616-77c4-4d8f-8f3e-5bd7538effae}</UniqueIdentifier>
    </Filter>
  </ItemGroup>
  <ItemGroup>
    <Text Include="_readme.txt">
      <Filter>template code</Filter>
    </Text>
  </ItemGroup>
</Project>